
Microsoft Visual Studio Solution File, Format Version 12.00
# Visual Studio Version 17
VisualStudioVersion = 17.5.33530.505
MinimumVisualStudioVersion = 10.0.40219.1
Project("{FAE04EC0-301F-11D3-BF4B-00C04F79EFBC}") = "prak3matrix", "prak3matrix\prak3matrix.csproj", "{0C63E839-9D82-48E8-8F9D-D9C116B2EC34}"
EndProject
Global
	GlobalSection(SolutionConfigurationPlatforms) = preSolution
		Debug|Any CPU = Debug|Any CPU
		Release|Any CPU = Release|Any CPU
	EndGlobalSection
	GlobalSection(ProjectConfigurationPlatforms) = postSolution
		{0C63E839-9D82-48E8-8F9D-D9C116B2EC34}.Debug|Any CPU.ActiveCfg = Debug|Any CPU
		{0C63E839-9D82-48E8-8F9D-D9C116B2EC34}.Debug|Any CPU.Build.0 = Debug|Any CPU
		{0C63E839-9D82-48E8-8F9D-D9C116B2EC34}.Release|Any CPU.ActiveCfg = Release|Any CPU
		{0C63E839-9D82-48E8-8F9D-D9C116B2EC34}.Release|Any CPU.Build.0 = Release|Any CPU
	EndGlobalSection
	GlobalSection(SolutionProperties) = preSolution
		HideSolutionNode = FALSE
	EndGlobalSection
	GlobalSection(ExtensibilityGlobals) = postSolution
		SolutionGuid = {C4AEF913-E36E-4EFD-9C6E-667E90B4C611}
	EndGlobalSection
EndGlobal
